
Microsoft Visual Studio Solution File, Format Version 12.00
# Visual Studio Version 17
VisualStudioVersion = 17.14.36414.22 d17.14
MinimumVisualStudioVersion = 10.0.40219.1
Project("{8BC9CEB8-8B4A-11D0-8D11-00A0C91BC942}") = "Cube", "Cube\Cube.vcxproj", "{36155EA9-A416-4BAA-98CD-142CA0180343}"
EndProject
Global
	GlobalSection(SolutionConfigurationPlatforms) = preSolution
		Debug|x64 = Debug|x64
		Debug|x86 = Debug|x86
		Release|x64 = Release|x64
		Release|x86 = Release|x86
	EndGlobalSection
	GlobalSection(ProjectConfigurationPlatforms) = postSolution
		{36155EA9-A416-4BAA-98CD-142CA0180343}.Debug|x64.ActiveCfg = Debug|x64
		{36155EA9-A416-4BAA-98CD-142CA0180343}.Debug|x64.Build.0 = Debug|x64
		{36155EA9-A416-4BAA-98CD-142CA0180343}.Debug|x86.ActiveCfg = Debug|Win32
		{36155EA9-A416-4BAA-98CD-142CA0180343}.Debug|x86.Build.0 = Debug|Win32
		{36155EA9-A416-4BAA-98CD-142CA0180343}.Release|x64.ActiveCfg = Release|x64
		{36155EA9-A416-4BAA-98CD-142CA0180343}.Release|x64.Build.0 = Release|x64
		{36155EA9-A416-4BAA-98CD-142CA0180343}.Release|x86.ActiveCfg = Release|Win32
		{36155EA9-A416-4BAA-98CD-142CA0180343}.Release|x86.Build.0 = Release|Win32
	EndGlobalSection
	GlobalSection(SolutionProperties) = preSolution
		HideSolutionNode = FALSE
	EndGlobalSection
	GlobalSection(ExtensibilityGlobals) = postSolution
		SolutionGuid = {135DEE9A-9D17-4DD7-8B80-C6F801440FC2}
	EndGlobalSection
EndGlobal
